
Microsoft Visual Studio Solution File, Format Version 12.00
# Visual Studio Version 17
VisualStudioVersion = 17.11.35222.181
MinimumVisualStudioVersion = 10.0.40219.1
Project("{FAE04EC0-301F-11D3-BF4B-00C04F79EFBC}") = "gerenciamento-tarefas", "gerenciamento-tarefas.csproj", "{117D2AA8-BB4C-43F5-A6DB-A200308CE036}"
EndProject
Global
	GlobalSection(SolutionConfigurationPlatforms) = preSolution
		Debug|Any CPU = Debug|Any CPU
		Release|Any CPU = Release|Any CPU
	EndGlobalSection
	GlobalSection(ProjectConfigurationPlatforms) = postSolution
		{117D2AA8-BB4C-43F5-A6DB-A200308CE036}.Debug|Any CPU.ActiveCfg = Debug|Any CPU
		{117D2AA8-BB4C-43F5-A6DB-A200308CE036}.Debug|Any CPU.Build.0 = Debug|Any CPU
		{117D2AA8-BB4C-43F5-A6DB-A200308CE036}.Release|Any CPU.ActiveCfg = Release|Any CPU
		{117D2AA8-BB4C-43F5-A6DB-A200308CE036}.Release|Any CPU.Build.0 = Release|Any CPU
	EndGlobalSection
	GlobalSection(SolutionProperties) = preSolution
		HideSolutionNode = FALSE
	EndGlobalSection
	GlobalSection(ExtensibilityGlobals) = postSolution
		SolutionGuid = {B48DC246-FDFC-4BA0-950B-928C8A12530B}
	EndGlobalSection
EndGlobal
